github.com/Lyafei/go-rsa v0.0.0-20200519074919-6694e0e47bb8 h1:ge3POyssAn0EFO04ye3uOGO45v283jpLPoF3KtCuDno=
github.com/Lyafei/go-rsa v0.0.0-20200519074919-6694e0e47bb8/go.mod h1:SoS6gpNZbC7llv2Y6f8ByoDk7tY6GB9HEO3jL70CtHM=
github.com/golang-infrastructure/go-try-catch v0.0.1 h1:MjPPn+oG+0Ixc/lcNZ22fjRiUSl6DUw/RbMznRv2vFk=
github.com/golang-infrastructure/go-try-catch v0.0.1/go.mod h1:TjcozM3PHaar3wQlZM94TGbYSulxZd+hMLlzDkl/F3c=
